
Microsoft Visual Studio Solution File, Format Version 12.00
Project("{FAE04EC0-301F-11D3-BF4B-00C04F79EFBC}") = "OOP", "OOP\OOP.csproj", "{10B5D9AD-3C5A-4CD1-9063-214E498CA77A}"
EndProject
Project("{FAE04EC0-301F-11D3-BF4B-00C04F79EFBC}") = "Generics", "Generics\Generics.csproj", "{14A38535-A362-46F7-8635-16BF3FFA6719}"
EndProject
Global
	GlobalSection(SolutionConfigurationPlatforms) = preSolution
		Debug|Any CPU = Debug|Any CPU
		Release|Any CPU = Release|Any CPU
	EndGlobalSection
	GlobalSection(ProjectConfigurationPlatforms) = postSolution
		{10B5D9AD-3C5A-4CD1-9063-214E498CA77A}.Debug|Any CPU.ActiveCfg = Debug|Any CPU
		{10B5D9AD-3C5A-4CD1-9063-214E498CA77A}.Debug|Any CPU.Build.0 = Debug|Any CPU
		{10B5D9AD-3C5A-4CD1-9063-214E498CA77A}.Release|Any CPU.ActiveCfg = Release|Any CPU
		{10B5D9AD-3C5A-4CD1-9063-214E498CA77A}.Release|Any CPU.Build.0 = Release|Any CPU
		{14A38535-A362-46F7-8635-16BF3FFA6719}.Debug|Any CPU.ActiveCfg = Debug|Any CPU
		{14A38535-A362-46F7-8635-16BF3FFA6719}.Debug|Any CPU.Build.0 = Debug|Any CPU
		{14A38535-A362-46F7-8635-16BF3FFA6719}.Release|Any CPU.ActiveCfg = Release|Any CPU
		{14A38535-A362-46F7-8635-16BF3FFA6719}.Release|Any CPU.Build.0 = Release|Any CPU
	EndGlobalSection
EndGlobal
